
Microsoft Visual Studio Solution File, Format Version 12.00
# Visual Studio Version 17
VisualStudioVersion = 17.9.34728.123
MinimumVisualStudioVersion = 10.0.40219.1
Project("{FAE04EC0-301F-11D3-BF4B-00C04F79EFBC}") = "JalgpalliMang_V.A.TARpv23", "JalgpalliMang_V.A.TARpv23\JalgpalliMang_V.A.TARpv23.csproj", "{355C7D7A-7AD4-491E-BB80-6783696739B3}"
EndProject
Global
	GlobalSection(SolutionConfigurationPlatforms) = preSolution
		Debug|Any CPU = Debug|Any CPU
		Release|Any CPU = Release|Any CPU
	EndGlobalSection
	GlobalSection(ProjectConfigurationPlatforms) = postSolution
		{355C7D7A-7AD4-491E-BB80-6783696739B3}.Debug|Any CPU.ActiveCfg = Debug|Any CPU
		{355C7D7A-7AD4-491E-BB80-6783696739B3}.Debug|Any CPU.Build.0 = Debug|Any CPU
		{355C7D7A-7AD4-491E-BB80-6783696739B3}.Release|Any CPU.ActiveCfg = Release|Any CPU
		{355C7D7A-7AD4-491E-BB80-6783696739B3}.Release|Any CPU.Build.0 = Release|Any CPU
	EndGlobalSection
	GlobalSection(SolutionProperties) = preSolution
		HideSolutionNode = FALSE
	EndGlobalSection
	GlobalSection(ExtensibilityGlobals) = postSolution
		SolutionGuid = {4F6961CE-FD04-4030-B652-213DE79652D8}
	EndGlobalSection
EndGlobal
